// !$*UTF8*$!
{
	archiveVersion = 1;
	classes = {
	};
	objectVersion = 48;
	objects = {

/* Begin PBXBuildFile section */
		2020ED7724826D05001A7CCD /* NSObject+Extension.swift in Sources */ = {isa = PBXBuildFile; fileRef = 2020ED7624826D05001A7CCD /* NSObject+Extension.swift */; };
		2020ED7C24826D85001A7CCD /* Strings.swift in Sources */ = {isa = PBXBuildFile; fileRef = 2020ED7B24826D85001A7CCD /* Strings.swift */; };
		2020ED7E24826D8D001A7CCD /* Closures.swift in Sources */ = {isa = PBXBuildFile; fileRef = 2020ED7D24826D8D001A7CCD /* Closures.swift */; };
		2020ED8024826D93001A7CCD /* Enums.swift in Sources */ = {isa = PBXBuildFile; fileRef = 2020ED7F24826D93001A7CCD /* Enums.swift */; };
		208E72AB2482981B00B32238 /* Int+Extension.swift in Sources */ = {isa = PBXBuildFile; fileRef = 208E72AA2482981B00B32238 /* Int+Extension.swift */; };
		208E72AD24829D5E00B32238 /* NewsListViewController.storyboard in Resources */ = {isa = PBXBuildFile; fileRef = 208E72AC24829D5E00B32238 /* NewsListViewController.storyboard */; };
		208E72AF24829E2F00B32238 /* NewsDetailViewController.storyboard in Resources */ = {isa = PBXBuildFile; fileRef = 208E72AE24829E2F00B32238 /* NewsDetailViewController.storyboard */; };
		208E72B22482A80400B32238 /* NewsListModuleConfigurator.swift in Sources */ = {isa = PBXBuildFile; fileRef = 208E72B12482A80400B32238 /* NewsListModuleConfigurator.swift */; };
		208E72BA2482A85E00B32238 /* NewsListViewInput.swift in Sources */ = {isa = PBXBuildFile; fileRef = 208E72B92482A85E00B32238 /* NewsListViewInput.swift */; };
		208E72C22482A90700B32238 /* NewsListViewOutput.swift in Sources */ = {isa = PBXBuildFile; fileRef = 208E72C12482A90700B32238 /* NewsListViewOutput.swift */; };
		208E72CB2482ABBB00B32238 /* NewsDetailModuleConfigurator.swift in Sources */ = {isa = PBXBuildFile; fileRef = 208E72CA2482ABBB00B32238 /* NewsDetailModuleConfigurator.swift */; };
		208E72CD2482AC0800B32238 /* NewsDetailViewInput.swift in Sources */ = {isa = PBXBuildFile; fileRef = 208E72CC2482AC0800B32238 /* NewsDetailViewInput.swift */; };
		208E72CF2482AC1000B32238 /* NewsDetailViewOutput.swift in Sources */ = {isa = PBXBuildFile; fileRef = 208E72CE2482AC1000B32238 /* NewsDetailViewOutput.swift */; };
		208E72D12482B00200B32238 /* NewsListModelInput.swift in Sources */ = {isa = PBXBuildFile; fileRef = 208E72D02482B00200B32238 /* NewsListModelInput.swift */; };
		208E72D32482B00A00B32238 /* NewsListModelOutput.swift in Sources */ = {isa = PBXBuildFile; fileRef = 208E72D22482B00A00B32238 /* NewsListModelOutput.swift */; };
		208E72D52482B17B00B32238 /* NewsDetailModelInput.swift in Sources */ = {isa = PBXBuildFile; fileRef = 208E72D42482B17B00B32238 /* NewsDetailModelInput.swift */; };
		208E72D92482B22600B32238 /* NewsDetailModelOutput.swift in Sources */ = {isa = PBXBuildFile; fileRef = 208E72D82482B22600B32238 /* NewsDetailModelOutput.swift */; };
		208E72DB2482B4F300B32238 /* ErrorDisplayable.swift in Sources */ = {isa = PBXBuildFile; fileRef = 208E72DA2482B4F300B32238 /* ErrorDisplayable.swift */; };
		4A329C8B210505140054EDCE /* LoaderDisplayable.swift in Sources */ = {isa = PBXBuildFile; fileRef = 4A329C8A210505140054EDCE /* LoaderDisplayable.swift */; };
		4A36BCB02104CF8A00E13492 /* BaseEntity.swift in Sources */ = {isa = PBXBuildFile; fileRef = 4A36BCAF2104CF8A00E13492 /* BaseEntity.swift */; };
		4A592E9920FF511E00495B56 /* AppDelegate.swift in Sources */ = {isa = PBXBuildFile; fileRef = 4A592E9820FF511E00495B56 /* AppDelegate.swift */; };
		4A592E9B20FF511E00495B56 /* NewsListViewController.swift in Sources */ = {isa = PBXBuildFile; fileRef = 4A592E9A20FF511E00495B56 /* NewsListViewController.swift */; };
		4A592EA320FF511E00495B56 /* Assets.xcassets in Resources */ = {isa = PBXBuildFile; fileRef = 4A592EA220FF511E00495B56 /* Assets.xcassets */; };
		4A592EA620FF511E00495B56 /* LaunchScreen.storyboard in Resources */ = {isa = PBXBuildFile; fileRef = 4A592EA420FF511E00495B56 /* LaunchScreen.storyboard */; };
		4A592EB720FF551600495B56 /* NewsListTableViewCell.swift in Sources */ = {isa = PBXBuildFile; fileRef = 4A592EB620FF551600495B56 /* NewsListTableViewCell.swift */; };
		4A592EB920FF552100495B56 /* NewsListTableViewCell.xib in Resources */ = {isa = PBXBuildFile; fileRef = 4A592EB820FF552100495B56 /* NewsListTableViewCell.xib */; };
		4A592EBC2100AC3E00495B56 /* NewsService.swift in Sources */ = {isa = PBXBuildFile; fileRef = 4A592EBB2100AC3E00495B56 /* NewsService.swift */; };
		4A592EBF2100B46900495B56 /* TinkoffNewsApiTestProject.xcdatamodeld in Sources */ = {isa = PBXBuildFile; fileRef = 4A592EBD2100B46900495B56 /* TinkoffNewsApiTestProject.xcdatamodeld */; };
		4A592EC12100B56200495B56 /* NewsEntity.swift in Sources */ = {isa = PBXBuildFile; fileRef = 4A592EC02100B56200495B56 /* NewsEntity.swift */; };
		4ACF057C2104ED6F001D97B2 /* NewsDetailPresenter.swift in Sources */ = {isa = PBXBuildFile; fileRef = 4ACF057B2104ED6F001D97B2 /* NewsDetailPresenter.swift */; };
		4ACF057E2104ED77001D97B2 /* NewsDetailModel.swift in Sources */ = {isa = PBXBuildFile; fileRef = 4ACF057D2104ED77001D97B2 /* NewsDetailModel.swift */; };
		4ACF05812104F1B5001D97B2 /* String+Extension.swift in Sources */ = {isa = PBXBuildFile; fileRef = 4ACF05802104F1B5001D97B2 /* String+Extension.swift */; };
		4ACF05832104F1C1001D97B2 /* UIViewController+Extension.swift in Sources */ = {isa = PBXBuildFile; fileRef = 4ACF05822104F1C1001D97B2 /* UIViewController+Extension.swift */; };
		4AE2923921051ABC00188C21 /* Endpoints.swift in Sources */ = {isa = PBXBuildFile; fileRef = 4AE2923821051ABC00188C21 /* Endpoints.swift */; };
		4AE9B84721021665009DC358 /* NewsListModel.swift in Sources */ = {isa = PBXBuildFile; fileRef = 4AE9B84621021665009DC358 /* NewsListModel.swift */; };
		4AE9B84921021675009DC358 /* NewsListPresenter.swift in Sources */ = {isa = PBXBuildFile; fileRef = 4AE9B84821021675009DC358 /* NewsListPresenter.swift */; };
		4AE9B84B2103064E009DC358 /* CoreDataStack.swift in Sources */ = {isa = PBXBuildFile; fileRef = 4AE9B84A2103064E009DC358 /* CoreDataStack.swift */; };
		4AE9B85121030A7D009DC358 /* NewsDetailViewController.swift in Sources */ = {isa = PBXBuildFile; fileRef = 4AE9B85021030A7D009DC358 /* NewsDetailViewController.swift */; };
/* End PBXBuildFile section */

/* Begin PBXFileReference section */
		2020ED7624826D05001A7CCD /* NSObject+Extension.swift */ = {isa = PBXFileReference; lastKnownFileType = sourcecode.swift; path = "NSObject+Extension.swift"; sourceTree = "<group>"; };
		2020ED7B24826D85001A7CCD /* Strings.swift */ = {isa = PBXFileReference; lastKnownFileType = sourcecode.swift; path = Strings.swift; sourceTree = "<group>"; };
		2020ED7D24826D8D001A7CCD /* Closures.swift */ = {isa = PBXFileReference; lastKnownFileType = sourcecode.swift; path = Closures.swift; sourceTree = "<group>"; };
		2020ED7F24826D93001A7CCD /* Enums.swift */ = {isa = PBXFileReference; lastKnownFileType = sourcecode.swift; path = Enums.swift; sourceTree = "<group>"; };
		208E72AA2482981B00B32238 /* Int+Extension.swift */ = {isa = PBXFileReference; lastKnownFileType = sourcecode.swift; path = "Int+Extension.swift"; sourceTree = "<group>"; };
		208E72AC24829D5E00B32238 /* NewsListViewController.storyboard */ = {isa = PBXFileReference; lastKnownFileType = file.storyboard; path = NewsListViewController.storyboard; sourceTree = "<group>"; };
		208E72AE24829E2F00B32238 /* NewsDetailViewController.storyboard */ = {isa = PBXFileReference; lastKnownFileType = file.storyboard; path = NewsDetailViewController.storyboard; sourceTree = "<group>"; };
		208E72B12482A80400B32238 /* NewsListModuleConfigurator.swift */ = {isa = PBXFileReference; lastKnownFileType = sourcecode.swift; path = NewsListModuleConfigurator.swift; sourceTree = "<group>"; };
		208E72B92482A85E00B32238 /* NewsListViewInput.swift */ = {isa = PBXFileReference; lastKnownFileType = sourcecode.swift; path = NewsListViewInput.swift; sourceTree = "<group>"; };
		208E72C12482A90700B32238 /* NewsListViewOutput.swift */ = {isa = PBXFileReference; lastKnownFileType = sourcecode.swift; path = NewsListViewOutput.swift; sourceTree = "<group>"; };
		208E72CA2482ABBB00B32238 /* NewsDetailModuleConfigurator.swift */ = {isa = PBXFileReference; lastKnownFileType = sourcecode.swift; path = NewsDetailModuleConfigurator.swift; sourceTree = "<group>"; };
		208E72CC2482AC0800B32238 /* NewsDetailViewInput.swift */ = {isa = PBXFileReference; lastKnownFileType = sourcecode.swift; path = NewsDetailViewInput.swift; sourceTree = "<group>"; };
		208E72CE2482AC1000B32238 /* NewsDetailViewOutput.swift */ = {isa = PBXFileReference; lastKnownFileType = sourcecode.swift; path = NewsDetailViewOutput.swift; sourceTree = "<group>"; };
		208E72D02482B00200B32238 /* NewsListModelInput.swift */ = {isa = PBXFileReference; lastKnownFileType = sourcecode.swift; path = NewsListModelInput.swift; sourceTree = "<group>"; };
		208E72D22482B00A00B32238 /* NewsListModelOutput.swift */ = {isa = PBXFileReference; lastKnownFileType = sourcecode.swift; path = NewsListModelOutput.swift; sourceTree = "<group>"; };
		208E72D42482B17B00B32238 /* NewsDetailModelInput.swift */ = {isa = PBXFileReference; lastKnownFileType = sourcecode.swift; path = NewsDetailModelInput.swift; sourceTree = "<group>"; };
		208E72D82482B22600B32238 /* NewsDetailModelOutput.swift */ = {isa = PBXFileReference; lastKnownFileType = sourcecode.swift; path = NewsDetailModelOutput.swift; sourceTree = "<group>"; };
		208E72DA2482B4F300B32238 /* ErrorDisplayable.swift */ = {isa = PBXFileReference; lastKnownFileType = sourcecode.swift; path = ErrorDisplayable.swift; sourceTree = "<group>"; };
		4A329C8A210505140054EDCE /* LoaderDisplayable.swift */ = {isa = PBXFileReference; lastKnownFileType = sourcecode.swift; path = LoaderDisplayable.swift; sourceTree = "<group>"; };
		4A36BCAF2104CF8A00E13492 /* BaseEntity.swift */ = {isa = PBXFileReference; lastKnownFileType = sourcecode.swift; path = BaseEntity.swift; sourceTree = "<group>"; };
		4A592E9520FF511E00495B56 /* TinkoffNewsApiTestProject.app */ = {isa = PBXFileReference; explicitFileType = wrapper.application; includeInIndex = 0; path = TinkoffNewsApiTestProject.app; sourceTree = BUILT_PRODUCTS_DIR; };
		4A592E9820FF511E00495B56 /* AppDelegate.swift */ = {isa = PBXFileReference; lastKnownFileType = sourcecode.swift; path = AppDelegate.swift; sourceTree = "<group>"; };
		4A592E9A20FF511E00495B56 /* NewsListViewController.swift */ = {isa = PBXFileReference; lastKnownFileType = sourcecode.swift; path = NewsListViewController.swift; sourceTree = "<group>"; };
		4A592EA220FF511E00495B56 /* Assets.xcassets */ = {isa = PBXFileReference; lastKnownFileType = folder.assetcatalog; path = Assets.xcassets; sourceTree = "<group>"; };
		4A592EA520FF511E00495B56 /* Base */ = {isa = PBXFileReference; lastKnownFileType = file.storyboard; name = Base; path = Base.lproj/LaunchScreen.storyboard; sourceTree = "<group>"; };
		4A592EA720FF511E00495B56 /* Info.plist */ = {isa = PBXFileReference; lastKnownFileType = text.plist.xml; path = Info.plist; sourceTree = "<group>"; };
		4A592EB620FF551600495B56 /* NewsListTableViewCell.swift */ = {isa = PBXFileReference; lastKnownFileType = sourcecode.swift; path = NewsListTableViewCell.swift; sourceTree = "<group>"; };
		4A592EB820FF552100495B56 /* NewsListTableViewCell.xib */ = {isa = PBXFileReference; lastKnownFileType = file.xib; path = NewsListTableViewCell.xib; sourceTree = "<group>"; };
		4A592EBB2100AC3E00495B56 /* NewsService.swift */ = {isa = PBXFileReference; lastKnownFileType = sourcecode.swift; path = NewsService.swift; sourceTree = "<group>"; };
		4A592EBE2100B46900495B56 /* TinkoffNewsApiTestProject.xcdatamodel */ = {isa = PBXFileReference; lastKnownFileType = wrapper.xcdatamodel; path = TinkoffNewsApiTestProject.xcdatamodel; sourceTree = "<group>"; };
		4A592EC02100B56200495B56 /* NewsEntity.swift */ = {isa = PBXFileReference; lastKnownFileType = sourcecode.swift; path = NewsEntity.swift; sourceTree = "<group>"; };
		4ACF057B2104ED6F001D97B2 /* NewsDetailPresenter.swift */ = {isa = PBXFileReference; lastKnownFileType = sourcecode.swift; path = NewsDetailPresenter.swift; sourceTree = "<group>"; };
		4ACF057D2104ED77001D97B2 /* NewsDetailModel.swift */ = {isa = PBXFileReference; lastKnownFileType = sourcecode.swift; path = NewsDetailModel.swift; sourceTree = "<group>"; };
		4ACF05802104F1B5001D97B2 /* String+Extension.swift */ = {isa = PBXFileReference; lastKnownFileType = sourcecode.swift; path = "String+Extension.swift"; sourceTree = "<group>"; };
		4ACF05822104F1C1001D97B2 /* UIViewController+Extension.swift */ = {isa = PBXFileReference; lastKnownFileType = sourcecode.swift; path = "UIViewController+Extension.swift"; sourceTree = "<group>"; };
		4AE2923821051ABC00188C21 /* Endpoints.swift */ = {isa = PBXFileReference; lastKnownFileType = sourcecode.swift; path = Endpoints.swift; sourceTree = "<group>"; };
		4AE9B84621021665009DC358 /* NewsListModel.swift */ = {isa = PBXFileReference; lastKnownFileType = sourcecode.swift; path = NewsListModel.swift; sourceTree = "<group>"; };
		4AE9B84821021675009DC358 /* NewsListPresenter.swift */ = {isa = PBXFileReference; lastKnownFileType = sourcecode.swift; path = NewsListPresenter.swift; sourceTree = "<group>"; };
		4AE9B84A2103064E009DC358 /* CoreDataStack.swift */ = {isa = PBXFileReference; lastKnownFileType = sourcecode.swift; path = CoreDataStack.swift; sourceTree = "<group>"; };
		4AE9B85021030A7D009DC358 /* NewsDetailViewController.swift */ = {isa = PBXFileReference; lastKnownFileType = sourcecode.swift; path = NewsDetailViewController.swift; sourceTree = "<group>"; };
/* End PBXFileReference section */

/* Begin PBXFrameworksBuildPhase section */
		4A592E9220FF511E00495B56 /* Frameworks */ = {
			isa = PBXFrameworksBuildPhase;
			buildActionMask = 2147483647;
			files = (
			);
			runOnlyForDeploymentPostprocessing = 0;
		};
/* End PBXFrameworksBuildPhase section */

/* Begin PBXGroup section */
		2020ED7524826C9E001A7CCD /* Base Classes */ = {
			isa = PBXGroup;
			children = (
				4A36BCAF2104CF8A00E13492 /* BaseEntity.swift */,
			);
			path = "Base Classes";
			sourceTree = "<group>";
		};
		2020ED7824826D3E001A7CCD /* Application */ = {
			isa = PBXGroup;
			children = (
				4A592E9820FF511E00495B56 /* AppDelegate.swift */,
				4A592EA720FF511E00495B56 /* Info.plist */,
			);
			path = Application;
			sourceTree = "<group>";
		};
		2020ED7924826D4B001A7CCD /* Assets */ = {
			isa = PBXGroup;
			children = (
				4A592EA220FF511E00495B56 /* Assets.xcassets */,
			);
			path = Assets;
			sourceTree = "<group>";
		};
		2020ED7A24826D63001A7CCD /* Constants */ = {
			isa = PBXGroup;
			children = (
				4AE2923821051ABC00188C21 /* Endpoints.swift */,
				2020ED7B24826D85001A7CCD /* Strings.swift */,
				2020ED7D24826D8D001A7CCD /* Closures.swift */,
				2020ED7F24826D93001A7CCD /* Enums.swift */,
			);
			path = Constants;
			sourceTree = "<group>";
		};
		208E72B02482A7F400B32238 /* Configurator */ = {
			isa = PBXGroup;
			children = (
				208E72B12482A80400B32238 /* NewsListModuleConfigurator.swift */,
			);
			path = Configurator;
			sourceTree = "<group>";
		};
		208E72C92482ABA900B32238 /* Configurator */ = {
			isa = PBXGroup;
			children = (
				208E72CA2482ABBB00B32238 /* NewsDetailModuleConfigurator.swift */,
			);
			path = Configurator;
			sourceTree = "<group>";
		};
		4A329C89210504FC0054EDCE /* Protocols */ = {
			isa = PBXGroup;
			children = (
				4A329C8A210505140054EDCE /* LoaderDisplayable.swift */,
				208E72DA2482B4F300B32238 /* ErrorDisplayable.swift */,
			);
			path = Protocols;
			sourceTree = "<group>";
		};
		4A592E8C20FF511E00495B56 = {
			isa = PBXGroup;
			children = (
				4A592E9720FF511E00495B56 /* TinkoffNewsApiTestProject */,
				4A592E9620FF511E00495B56 /* Products */,
			);
			sourceTree = "<group>";
		};
		4A592E9620FF511E00495B56 /* Products */ = {
			isa = PBXGroup;
			children = (
				4A592E9520FF511E00495B56 /* TinkoffNewsApiTestProject.app */,
			);
			name = Products;
			sourceTree = "<group>";
		};
		4A592E9720FF511E00495B56 /* TinkoffNewsApiTestProject */ = {
			isa = PBXGroup;
			children = (
				2020ED7824826D3E001A7CCD /* Application */,
				4A592EAF20FF515300495B56 /* Utils */,
				4A592EAE20FF514F00495B56 /* Services */,
				4A592EB320FF518000495B56 /* Model */,
				4A592EAD20FF514800495B56 /* Controllers */,
				4A592EB020FF515A00495B56 /* Views */,
				4A592EB220FF516900495B56 /* Storyboards */,
				4A592EB120FF516400495B56 /* Resources */,
			);
			path = TinkoffNewsApiTestProject;
			sourceTree = "<group>";
		};
		4A592EAD20FF514800495B56 /* Controllers */ = {
			isa = PBXGroup;
			children = (
				4AE9B8412102160A009DC358 /* NewsList */,
				4AE9B84C21030A5A009DC358 /* NewsDetail */,
			);
			path = Controllers;
			sourceTree = "<group>";
		};
		4A592EAE20FF514F00495B56 /* Services */ = {
			isa = PBXGroup;
			children = (
				4A592EBB2100AC3E00495B56 /* NewsService.swift */,
			);
			path = Services;
			sourceTree = "<group>";
		};
		4A592EAF20FF515300495B56 /* Utils */ = {
			isa = PBXGroup;
			children = (
				2020ED7524826C9E001A7CCD /* Base Classes */,
				4A329C89210504FC0054EDCE /* Protocols */,
				4ACF057F2104F197001D97B2 /* Extensions */,
			);
			path = Utils;
			sourceTree = "<group>";
		};
		4A592EB020FF515A00495B56 /* Views */ = {
			isa = PBXGroup;
			children = (
				4A592EB420FF52FF00495B56 /* NewsListTableViewCell */,
			);
			path = Views;
			sourceTree = "<group>";
		};
		4A592EB120FF516400495B56 /* Resources */ = {
			isa = PBXGroup;
			children = (
				2020ED7924826D4B001A7CCD /* Assets */,
				2020ED7A24826D63001A7CCD /* Constants */,
			);
			path = Resources;
			sourceTree = "<group>";
		};
		4A592EB220FF516900495B56 /* Storyboards */ = {
			isa = PBXGroup;
			children = (
				4A592EA420FF511E00495B56 /* LaunchScreen.storyboard */,
			);
			path = Storyboards;
			sourceTree = "<group>";
		};
		4A592EB320FF518000495B56 /* Model */ = {
			isa = PBXGroup;
			children = (
				4A592EBD2100B46900495B56 /* TinkoffNewsApiTestProject.xcdatamodeld */,
				4AE9B84A2103064E009DC358 /* CoreDataStack.swift */,
				4AE9B8542104CE57009DC358 /* Entities */,
			);
			path = Model;
			sourceTree = "<group>";
		};
		4A592EB420FF52FF00495B56 /* NewsListTableViewCell */ = {
			isa = PBXGroup;
			children = (
				4A592EB620FF551600495B56 /* NewsListTableViewCell.swift */,
				4A592EB820FF552100495B56 /* NewsListTableViewCell.xib */,
			);
			path = NewsListTableViewCell;
			sourceTree = "<group>";
		};
		4ACF057F2104F197001D97B2 /* Extensions */ = {
			isa = PBXGroup;
			children = (
				2020ED7624826D05001A7CCD /* NSObject+Extension.swift */,
				4ACF05802104F1B5001D97B2 /* String+Extension.swift */,
				4ACF05822104F1C1001D97B2 /* UIViewController+Extension.swift */,
				208E72AA2482981B00B32238 /* Int+Extension.swift */,
			);
			path = Extensions;
			sourceTree = "<group>";
		};
		4AE9B8412102160A009DC358 /* NewsList */ = {
			isa = PBXGroup;
			children = (
				208E72B02482A7F400B32238 /* Configurator */,
				4AE9B84321021614009DC358 /* Model */,
				4AE9B8442102161E009DC358 /* Presenter */,
				4AE9B84221021610009DC358 /* View */,
			);
			path = NewsList;
			sourceTree = "<group>";
		};
		4AE9B84221021610009DC358 /* View */ = {
			isa = PBXGroup;
			children = (
				4A592E9A20FF511E00495B56 /* NewsListViewController.swift */,
				208E72AC24829D5E00B32238 /* NewsListViewController.storyboard */,
				208E72B92482A85E00B32238 /* NewsListViewInput.swift */,
				208E72C12482A90700B32238 /* NewsListViewOutput.swift */,
			);
			path = View;
			sourceTree = "<group>";
		};
		4AE9B84321021614009DC358 /* Model */ = {
			isa = PBXGroup;
			children = (
				4AE9B84621021665009DC358 /* NewsListModel.swift */,
				208E72D02482B00200B32238 /* NewsListModelInput.swift */,
				208E72D22482B00A00B32238 /* NewsListModelOutput.swift */,
			);
			path = Model;
			sourceTree = "<group>";
		};
		4AE9B8442102161E009DC358 /* Presenter */ = {
			isa = PBXGroup;
			children = (
				4AE9B84821021675009DC358 /* NewsListPresenter.swift */,
			);
			path = Presenter;
			sourceTree = "<group>";
		};
		4AE9B84C21030A5A009DC358 /* NewsDetail */ = {
			isa = PBXGroup;
			children = (
				208E72C92482ABA900B32238 /* Configurator */,
				4AE9B84D21030A65009DC358 /* Model */,
				4AE9B84F21030A6B009DC358 /* Presenter */,
				4AE9B84E21030A68009DC358 /* View */,
			);
			path = NewsDetail;
			sourceTree = "<group>";
		};
		4AE9B84D21030A65009DC358 /* Model */ = {
			isa = PBXGroup;
			children = (
				4ACF057D2104ED77001D97B2 /* NewsDetailModel.swift */,
				208E72D42482B17B00B32238 /* NewsDetailModelInput.swift */,
				208E72D82482B22600B32238 /* NewsDetailModelOutput.swift */,
			);
			path = Model;
			sourceTree = "<group>";
		};
		4AE9B84E21030A68009DC358 /* View */ = {
			isa = PBXGroup;
			children = (
				4AE9B85021030A7D009DC358 /* NewsDetailViewController.swift */,
				208E72AE24829E2F00B32238 /* NewsDetailViewController.storyboard */,
				208E72CC2482AC0800B32238 /* NewsDetailViewInput.swift */,
				208E72CE2482AC1000B32238 /* NewsDetailViewOutput.swift */,
			);
			path = View;
			sourceTree = "<group>";
		};
		4AE9B84F21030A6B009DC358 /* Presenter */ = {
			isa = PBXGroup;
			children = (
				4ACF057B2104ED6F001D97B2 /* NewsDetailPresenter.swift */,
			);
			path = Presenter;
			sourceTree = "<group>";
		};
		4AE9B8542104CE57009DC358 /* Entities */ = {
			isa = PBXGroup;
			children = (
				4A592EC02100B56200495B56 /* NewsEntity.swift */,
			);
			path = Entities;
			sourceTree = "<group>";
		};
/* End PBXGroup section */

/* Begin PBXNativeTarget section */
		4A592E9420FF511E00495B56 /* TinkoffNewsApiTestProject */ = {
			isa = PBXNativeTarget;
			buildConfigurationList = 4A592EAA20FF511E00495B56 /* Build configuration list for PBXNativeTarget "TinkoffNewsApiTestProject" */;
			buildPhases = (
				4A592E9120FF511E00495B56 /* Sources */,
				4A592E9220FF511E00495B56 /* Frameworks */,
				4A592E9320FF511E00495B56 /* Resources */,
			);
			buildRules = (
			);
			dependencies = (
			);
			name = TinkoffNewsApiTestProject;
			productName = TinkoffNewsApiTestProject;
			productReference = 4A592E9520FF511E00495B56 /* TinkoffNewsApiTestProject.app */;
			productType = "com.apple.product-type.application";
		};
/* End PBXNativeTarget section */

/* Begin PBXProject section */
		4A592E8D20FF511E00495B56 /* Project object */ = {
			isa = PBXProject;
			attributes = {
				LastSwiftUpdateCheck = 0920;
				LastUpgradeCheck = 1150;
				ORGANIZATIONNAME = "Alexandr Kuzyaev";
				TargetAttributes = {
					4A592E9420FF511E00495B56 = {
						CreatedOnToolsVersion = 9.2;
						LastSwiftMigration = 1150;
						ProvisioningStyle = Automatic;
					};
				};
			};
			buildConfigurationList = 4A592E9020FF511E00495B56 /* Build configuration list for PBXProject "TinkoffNewsApiTestProject" */;
			compatibilityVersion = "Xcode 8.0";
			developmentRegion = en;
			hasScannedForEncodings = 0;
			knownRegions = (
				en,
				Base,
			);
			mainGroup = 4A592E8C20FF511E00495B56;
			productRefGroup = 4A592E9620FF511E00495B56 /* Products */;
			projectDirPath = "";
			projectRoot = "";
			targets = (
				4A592E9420FF511E00495B56 /* TinkoffNewsApiTestProject */,
			);
		};
/* End PBXProject section */

/* Begin PBXResourcesBuildPhase section */
		4A592E9320FF511E00495B56 /* Resources */ = {
			isa = PBXResourcesBuildPhase;
			buildActionMask = 2147483647;
			files = (
				4A592EA620FF511E00495B56 /* LaunchScreen.storyboard in Resources */,
				4A592EA320FF511E00495B56 /* Assets.xcassets in Resources */,
				4A592EB920FF552100495B56 /* NewsListTableViewCell.xib in Resources */,
				208E72AF24829E2F00B32238 /* NewsDetailViewController.storyboard in Resources */,
				208E72AD24829D5E00B32238 /* NewsListViewController.storyboard in Resources */,
			);
			runOnlyForDeploymentPostprocessing = 0;
		};
/* End PBXResourcesBuildPhase section */

/* Begin PBXSourcesBuildPhase section */
		4A592E9120FF511E00495B56 /* Sources */ = {
			isa = PBXSourcesBuildPhase;
			buildActionMask = 2147483647;
			files = (
				208E72D12482B00200B32238 /* NewsListModelInput.swift in Sources */,
				4ACF05832104F1C1001D97B2 /* UIViewController+Extension.swift in Sources */,
				4ACF057C2104ED6F001D97B2 /* NewsDetailPresenter.swift in Sources */,
				2020ED7C24826D85001A7CCD /* Strings.swift in Sources */,
				4A329C8B210505140054EDCE /* LoaderDisplayable.swift in Sources */,
				4A592EC12100B56200495B56 /* NewsEntity.swift in Sources */,
				208E72D92482B22600B32238 /* NewsDetailModelOutput.swift in Sources */,
				4AE9B84921021675009DC358 /* NewsListPresenter.swift in Sources */,
				208E72D52482B17B00B32238 /* NewsDetailModelInput.swift in Sources */,
				208E72CD2482AC0800B32238 /* NewsDetailViewInput.swift in Sources */,
				4AE9B84721021665009DC358 /* NewsListModel.swift in Sources */,
				208E72CF2482AC1000B32238 /* NewsDetailViewOutput.swift in Sources */,
				208E72C22482A90700B32238 /* NewsListViewOutput.swift in Sources */,
				2020ED7E24826D8D001A7CCD /* Closures.swift in Sources */,
				208E72DB2482B4F300B32238 /* ErrorDisplayable.swift in Sources */,
				208E72AB2482981B00B32238 /* Int+Extension.swift in Sources */,
				208E72B22482A80400B32238 /* NewsListModuleConfigurator.swift in Sources */,
				208E72D32482B00A00B32238 /* NewsListModelOutput.swift in Sources */,
				4ACF05812104F1B5001D97B2 /* String+Extension.swift in Sources */,
				2020ED8024826D93001A7CCD /* Enums.swift in Sources */,
				4AE9B84B2103064E009DC358 /* CoreDataStack.swift in Sources */,
				4ACF057E2104ED77001D97B2 /* NewsDetailModel.swift in Sources */,
				4AE9B85121030A7D009DC358 /* NewsDetailViewController.swift in Sources */,
				4A36BCB02104CF8A00E13492 /* BaseEntity.swift in Sources */,
				4A592EBC2100AC3E00495B56 /* NewsService.swift in Sources */,
				4A592E9B20FF511E00495B56 /* NewsListViewController.swift in Sources */,
				2020ED7724826D05001A7CCD /* NSObject+Extension.swift in Sources */,
				208E72CB2482ABBB00B32238 /* NewsDetailModuleConfigurator.swift in Sources */,
				4A592EB720FF551600495B56 /* NewsListTableViewCell.swift in Sources */,
				208E72BA2482A85E00B32238 /* NewsListViewInput.swift in Sources */,
				4A592E9920FF511E00495B56 /* AppDelegate.swift in Sources */,
				4AE2923921051ABC00188C21 /* Endpoints.swift in Sources */,
				4A592EBF2100B46900495B56 /* TinkoffNewsApiTestProject.xcdatamodeld in Sources */,
			);
			runOnlyForDeploymentPostprocessing = 0;
		};
/* End PBXSourcesBuildPhase section */

/* Begin PBXVariantGroup section */
		4A592EA420FF511E00495B56 /* LaunchScreen.storyboard */ = {
			isa = PBXVariantGroup;
			children = (
				4A592EA520FF511E00495B56 /* Base */,
			);
			name = LaunchScreen.storyboard;
			sourceTree = "<group>";
		};
/* End PBXVariantGroup section */

/* Begin XCBuildConfiguration section */
		4A592EA820FF511E00495B56 /* Debug */ = {
			isa = XCBuildConfiguration;
			buildSettings = {
				ALWAYS_SEARCH_USER_PATHS = NO;
				CLANG_ANALYZER_NONNULL = YES;
				CLANG_ANALYZER_NUMBER_OBJECT_CONVERSION = YES_AGGRESSIVE;
				CLANG_CXX_LANGUAGE_STANDARD = "gnu++14";
				CLANG_CXX_LIBRARY = "libc++";
				CLANG_ENABLE_MODULES = YES;
				CLANG_ENABLE_OBJC_ARC = YES;
				CLANG_WARN_BLOCK_CAPTURE_AUTORELEASING = YES;
				CLANG_WARN_BOOL_CONVERSION = YES;
				CLANG_WARN_COMMA = YES;
				CLANG_WARN_CONSTANT_CONVERSION = YES;
				CLANG_WARN_DEPRECATED_OBJC_IMPLEMENTATIONS = YES;
				CLANG_WARN_DIRECT_OBJC_ISA_USAGE = YES_ERROR;
				CLANG_WARN_DOCUMENTATION_COMMENTS = YES;
				CLANG_WARN_EMPTY_BODY = YES;
				CLANG_WARN_ENUM_CONVERSION = YES;
				CLANG_WARN_INFINITE_RECURSION = YES;
				CLANG_WARN_INT_CONVERSION = YES;
				CLANG_WARN_NON_LITERAL_NULL_CONVERSION = YES;
				CLANG_WARN_OBJC_IMPLICIT_RETAIN_SELF = YES;
				CLANG_WARN_OBJC_LITERAL_CONVERSION = YES;
				CLANG_WARN_OBJC_ROOT_CLASS = YES_ERROR;
				CLANG_WARN_RANGE_LOOP_ANALYSIS = YES;
				CLANG_WARN_STRICT_PROTOTYPES = YES;
				CLANG_WARN_SUSPICIOUS_MOVE = YES;
				CLANG_WARN_UNGUARDED_AVAILABILITY = YES_AGGRESSIVE;
				CLANG_WARN_UNREACHABLE_CODE = YES;
				CLANG_WARN__DUPLICATE_METHOD_MATCH = YES;
				CODE_SIGN_IDENTITY = "iPhone Developer";
				COPY_PHASE_STRIP = NO;
				DEBUG_INFORMATION_FORMAT = dwarf;
				ENABLE_STRICT_OBJC_MSGSEND = YES;
				ENABLE_TESTABILITY = YES;
				GCC_C_LANGUAGE_STANDARD = gnu11;
				GCC_DYNAMIC_NO_PIC = NO;
				GCC_NO_COMMON_BLOCKS = YES;
				GCC_OPTIMIZATION_LEVEL = 0;
				GCC_PREPROCESSOR_DEFINITIONS = (
					"DEBUG=1",
					"$(inherited)",
				);
				GCC_WARN_64_TO_32_BIT_CONVERSION = YES;
				GCC_WARN_ABOUT_RETURN_TYPE = YES_ERROR;
				GCC_WARN_UNDECLARED_SELECTOR = YES;
				GCC_WARN_UNINITIALIZED_AUTOS = YES_AGGRESSIVE;
				GCC_WARN_UNUSED_FUNCTION = YES;
				GCC_WARN_UNUSED_VARIABLE = YES;
				INFOPLIST_FILE = Resource/Info.plist;
				IPHONEOS_DEPLOYMENT_TARGET = 11.2;
				MTL_ENABLE_DEBUG_INFO = YES;
				ONLY_ACTIVE_ARCH = YES;
				SDKROOT = iphoneos;
				SWIFT_ACTIVE_COMPILATION_CONDITIONS = DEBUG;
				SWIFT_OPTIMIZATION_LEVEL = "-Onone";
				SWIFT_VERSION = 5.0;
			};
			name = Debug;
		};
		4A592EA920FF511E00495B56 /* Release */ = {
			isa = XCBuildConfiguration;
			buildSettings = {
				ALWAYS_SEARCH_USER_PATHS = NO;
				CLANG_ANALYZER_NONNULL = YES;
				CLANG_ANALYZER_NUMBER_OBJECT_CONVERSION = YES_AGGRESSIVE;
				CLANG_CXX_LANGUAGE_STANDARD = "gnu++14";
				CLANG_CXX_LIBRARY = "libc++";
				CLANG_ENABLE_MODULES = YES;
				CLANG_ENABLE_OBJC_ARC = YES;
				CLANG_WARN_BLOCK_CAPTURE_AUTORELEASING = YES;
				CLANG_WARN_BOOL_CONVERSION = YES;
				CLANG_WARN_COMMA = YES;
				CLANG_WARN_CONSTANT_CONVERSION = YES;
				CLANG_WARN_DEPRECATED_OBJC_IMPLEMENTATIONS = YES;
				CLANG_WARN_DIRECT_OBJC_ISA_USAGE = YES_ERROR;
				CLANG_WARN_DOCUMENTATION_COMMENTS = YES;
				CLANG_WARN_EMPTY_BODY = YES;
				CLANG_WARN_ENUM_CONVERSION = YES;
				CLANG_WARN_INFINITE_RECURSION = YES;
				CLANG_WARN_INT_CONVERSION = YES;
				CLANG_WARN_NON_LITERAL_NULL_CONVERSION = YES;
				CLANG_WARN_OBJC_IMPLICIT_RETAIN_SELF = YES;
				CLANG_WARN_OBJC_LITERAL_CONVERSION = YES;
				CLANG_WARN_OBJC_ROOT_CLASS = YES_ERROR;
				CLANG_WARN_RANGE_LOOP_ANALYSIS = YES;
				CLANG_WARN_STRICT_PROTOTYPES = YES;
				CLANG_WARN_SUSPICIOUS_MOVE = YES;
				CLANG_WARN_UNGUARDED_AVAILABILITY = YES_AGGRESSIVE;
				CLANG_WARN_UNREACHABLE_CODE = YES;
				CLANG_WARN__DUPLICATE_METHOD_MATCH = YES;
				CODE_SIGN_IDENTITY = "iPhone Developer";
				COPY_PHASE_STRIP = NO;
				DEBUG_INFORMATION_FORMAT = "dwarf-with-dsym";
				ENABLE_NS_ASSERTIONS = NO;
				ENABLE_STRICT_OBJC_MSGSEND = YES;
				GCC_C_LANGUAGE_STANDARD = gnu11;
				GCC_NO_COMMON_BLOCKS = YES;
				GCC_WARN_64_TO_32_BIT_CONVERSION = YES;
				GCC_WARN_ABOUT_RETURN_TYPE = YES_ERROR;
				GCC_WARN_UNDECLARED_SELECTOR = YES;
				GCC_WARN_UNINITIALIZED_AUTOS = YES_AGGRESSIVE;
				GCC_WARN_UNUSED_FUNCTION = YES;
				GCC_WARN_UNUSED_VARIABLE = YES;
				INFOPLIST_FILE = Resource/Info.plist;
				IPHONEOS_DEPLOYMENT_TARGET = 11.2;
				MTL_ENABLE_DEBUG_INFO = NO;
				SDKROOT = iphoneos;
				SWIFT_OPTIMIZATION_LEVEL = "-Owholemodule";
				SWIFT_VERSION = 5.0;
				VALIDATE_PRODUCT = YES;
			};
			name = Release;
		};
		4A592EAB20FF511E00495B56 /* Debug */ = {
			isa = XCBuildConfiguration;
			buildSettings = {
				ASSETCATALOG_COMPILER_APPICON_NAME = AppIcon;
				CODE_SIGN_STYLE = Automatic;
				DEVELOPMENT_TEAM = SCYJVJ34MJ;
				INFOPLIST_FILE = TinkoffNewsApiTestProject/Application/Info.plist;
				LD_RUNPATH_SEARCH_PATHS = "$(inherited) @executable_path/Frameworks";
				PRODUCT_BUNDLE_IDENTIFIER = com.alexKuzyaev.TinkoffNewsApiTestProject;
				PRODUCT_NAME = "$(TARGET_NAME)";
				SWIFT_VERSION = 5.0;
				TARGETED_DEVICE_FAMILY = "1,2";
			};
			name = Debug;
		};
		4A592EAC20FF511E00495B56 /* Release */ = {
			isa = XCBuildConfiguration;
			buildSettings = {
				ASSETCATALOG_COMPILER_APPICON_NAME = AppIcon;
				CODE_SIGN_STYLE = Automatic;
				DEVELOPMENT_TEAM = SCYJVJ34MJ;
				INFOPLIST_FILE = TinkoffNewsApiTestProject/Application/Info.plist;
				LD_RUNPATH_SEARCH_PATHS = "$(inherited) @executable_path/Frameworks";
				PRODUCT_BUNDLE_IDENTIFIER = com.alexKuzyaev.TinkoffNewsApiTestProject;
				PRODUCT_NAME = "$(TARGET_NAME)";
				SWIFT_VERSION = 5.0;
				TARGETED_DEVICE_FAMILY = "1,2";
			};
			name = Release;
		};
/* End XCBuildConfiguration section */

/* Begin XCConfigurationList section */
		4A592E9020FF511E00495B56 /* Build configuration list for PBXProject "TinkoffNewsApiTestProject" */ = {
			isa = XCConfigurationList;
			buildConfigurations = (
				4A592EA820FF511E00495B56 /* Debug */,
				4A592EA920FF511E00495B56 /* Release */,
			);
			defaultConfigurationIsVisible = 0;
			defaultConfigurationName = Release;
		};
		4A592EAA20FF511E00495B56 /* Build configuration list for PBXNativeTarget "TinkoffNewsApiTestProject" */ = {
			isa = XCConfigurationList;
			buildConfigurations = (
				4A592EAB20FF511E00495B56 /* Debug */,
				4A592EAC20FF511E00495B56 /* Release */,
			);
			defaultConfigurationIsVisible = 0;
			defaultConfigurationName = Release;
		};
/* End XCConfigurationList section */

/* Begin XCVersionGroup section */
		4A592EBD2100B46900495B56 /* TinkoffNewsApiTestProject.xcdatamodeld */ = {
			isa = XCVersionGroup;
			children = (
				4A592EBE2100B46900495B56 /* TinkoffNewsApiTestProject.xcdatamodel */,
			);
			currentVersion = 4A592EBE2100B46900495B56 /* TinkoffNewsApiTestProject.xcdatamodel */;
			path = TinkoffNewsApiTestProject.xcdatamodeld;
			sourceTree = "<group>";
			versionGroupType = wrapper.xcdatamodel;
		};
/* End XCVersionGroup section */
	};
	rootObject = 4A592E8D20FF511E00495B56 /* Project object */;
}
